
Microsoft Visual Studio Solution File, Format Version 12.00
# Visual Studio Version 17
VisualStudioVersion = 17.9.34622.214
MinimumVisualStudioVersion = 10.0.40219.1
Project("{FAE04EC0-301F-11D3-BF4B-00C04F79EFBC}") = "WPR.Repositories", "WPR.Repositories\WPR.Repositories.csproj", "{8B7177B0-AFEB-4530-9EDC-AB485D06900B}"
EndProject
Project("{FAE04EC0-301F-11D3-BF4B-00C04F79EFBC}") = "WPR.Entities", "WPR.Entities\WPR.Entities.csproj", "{8CA93905-E2DF-467E-BF98-D53960B81808}"
EndProject
Project("{FAE04EC0-301F-11D3-BF4B-00C04F79EFBC}") = "WPR.Entities.Abstractions", "WPR.Entities.Abstractions\WPR.Entities.Abstractions.csproj", "{AC7C04ED-5C6C-400F-AA91-3A413D048184}"
EndProject
Project("{FAE04EC0-301F-11D3-BF4B-00C04F79EFBC}") = "WPR.Repositories.Abstractions", "WPR.Repositories.Abstractions\WPR.Repositories.Abstractions.csproj", "{7D79B9AF-8FA8-409A-98DC-2036976C8DBD}"
EndProject
Global
	GlobalSection(SolutionConfigurationPlatforms) = preSolution
		Debug|Any CPU = Debug|Any CPU
		Release|Any CPU = Release|Any CPU
	EndGlobalSection
	GlobalSection(ProjectConfigurationPlatforms) = postSolution
		{8B7177B0-AFEB-4530-9EDC-AB485D06900B}.Debug|Any CPU.ActiveCfg = Debug|Any CPU
		{8B7177B0-AFEB-4530-9EDC-AB485D06900B}.Debug|Any CPU.Build.0 = Debug|Any CPU
		{8B7177B0-AFEB-4530-9EDC-AB485D06900B}.Release|Any CPU.ActiveCfg = Release|Any CPU
		{8B7177B0-AFEB-4530-9EDC-AB485D06900B}.Release|Any CPU.Build.0 = Release|Any CPU
		{8CA93905-E2DF-467E-BF98-D53960B81808}.Debug|Any CPU.ActiveCfg = Debug|Any CPU
		{8CA93905-E2DF-467E-BF98-D53960B81808}.Debug|Any CPU.Build.0 = Debug|Any CPU
		{8CA93905-E2DF-467E-BF98-D53960B81808}.Release|Any CPU.ActiveCfg = Release|Any CPU
		{8CA93905-E2DF-467E-BF98-D53960B81808}.Release|Any CPU.Build.0 = Release|Any CPU
		{AC7C04ED-5C6C-400F-AA91-3A413D048184}.Debug|Any CPU.ActiveCfg = Debug|Any CPU
		{AC7C04ED-5C6C-400F-AA91-3A413D048184}.Debug|Any CPU.Build.0 = Debug|Any CPU
		{AC7C04ED-5C6C-400F-AA91-3A413D048184}.Release|Any CPU.ActiveCfg = Release|Any CPU
		{AC7C04ED-5C6C-400F-AA91-3A413D048184}.Release|Any CPU.Build.0 = Release|Any CPU
		{7D79B9AF-8FA8-409A-98DC-2036976C8DBD}.Debug|Any CPU.ActiveCfg = Debug|Any CPU
		{7D79B9AF-8FA8-409A-98DC-2036976C8DBD}.Debug|Any CPU.Build.0 = Debug|Any CPU
		{7D79B9AF-8FA8-409A-98DC-2036976C8DBD}.Release|Any CPU.ActiveCfg = Release|Any CPU
		{7D79B9AF-8FA8-409A-98DC-2036976C8DBD}.Release|Any CPU.Build.0 = Release|Any CPU
	EndGlobalSection
	GlobalSection(SolutionProperties) = preSolution
		HideSolutionNode = FALSE
	EndGlobalSection
	GlobalSection(ExtensibilityGlobals) = postSolution
		SolutionGuid = {82295355-1615-42E2-93B4-7D34D158A7E9}
	EndGlobalSection
EndGlobal
